
Microsoft Visual Studio Solution File, Format Version 12.00
# Visual Studio Version 17
VisualStudioVersion = 17.14.36908.2 d17.14
MinimumVisualStudioVersion = 10.0.40219.1
Project("{FAE04EC0-301F-11D3-BF4B-00C04F79EFBC}") = "Oops All Programs", "Oops All Programs\Oops All Programs.csproj", "{8B33ABFD-2A20-4D32-B3D7-DF4D9FABA7A7}"
EndProject
Global
	GlobalSection(SolutionConfigurationPlatforms) = preSolution
		Debug|Any CPU = Debug|Any CPU
		Release|Any CPU = Release|Any CPU
	EndGlobalSection
	GlobalSection(ProjectConfigurationPlatforms) = postSolution
		{8B33ABFD-2A20-4D32-B3D7-DF4D9FABA7A7}.Debug|Any CPU.ActiveCfg = Debug|Any CPU
		{8B33ABFD-2A20-4D32-B3D7-DF4D9FABA7A7}.Debug|Any CPU.Build.0 = Debug|Any CPU
		{8B33ABFD-2A20-4D32-B3D7-DF4D9FABA7A7}.Release|Any CPU.ActiveCfg = Release|Any CPU
		{8B33ABFD-2A20-4D32-B3D7-DF4D9FABA7A7}.Release|Any CPU.Build.0 = Release|Any CPU
	EndGlobalSection
	GlobalSection(SolutionProperties) = preSolution
		HideSolutionNode = FALSE
	EndGlobalSection
	GlobalSection(ExtensibilityGlobals) = postSolution
		SolutionGuid = {A1A44D52-668B-492D-A7D5-5498B634FAC6}
	EndGlobalSection
EndGlobal
